
Microsoft Visual Studio Solution File, Format Version 12.00
# Visual Studio Version 17
Project("{2150E333-8FDC-42A3-9474-1A3956D46DE8}") = "CMakePredefinedTargets", "CMakePredefinedTargets", "{15536D36-FD16-3765-B664-E1751D6351EF}"
EndProject
Project("{2150E333-8FDC-42A3-9474-1A3956D46DE8}") = "External", "External", "{25B0A95C-9E61-3E25-A6D7-8F59FED99092}"
EndProject
Project("{2150E333-8FDC-42A3-9474-1A3956D46DE8}") = "Internal", "Internal", "{90FCD006-E54D-3D4E-AF3B-D5CD1F61DCA1}"
EndProject
Project("{2150E333-8FDC-42A3-9474-1A3956D46DE8}") = "Utils", "Utils", "{2EE26CF4-C4F3-3D38-9837-D9F15509817D}"
EndProject
Project("{8BC9CEB8-8B4A-11D0-8D11-00A0C91BC942}") = "ALL_BUILD", "ALL_BUILD.vcxproj", "{692919FD-8505-3726-952E-49F9684964C1}"
	ProjectSection(ProjectDependencies) = postProject
		{D39E1584-977D-36A3-B04C-2869B15E27E3} = {D39E1584-977D-36A3-B04C-2869B15E27E3}
		{68F0948C-5BB3-3536-88D4-DCE7C7305D85} = {68F0948C-5BB3-3536-88D4-DCE7C7305D85}
		{9300C0A1-7841-3775-84B6-8475625C2C70} = {9300C0A1-7841-3775-84B6-8475625C2C70}
		{7A661095-1A10-3CF7-81E0-2A00E9625079} = {7A661095-1A10-3CF7-81E0-2A00E9625079}
		{573C60ED-23D5-36A9-A13D-7D7F63CB95F8} = {573C60ED-23D5-36A9-A13D-7D7F63CB95F8}
		{5000310D-C6A2-395F-BA46-F9557F959819} = {5000310D-C6A2-395F-BA46-F9557F959819}
		{4FBE341F-7DD3-3DB6-80A7-725254CDB162} = {4FBE341F-7DD3-3DB6-80A7-725254CDB162}
		{AF3C503C-F8DD-3A6E-8DB2-A807C8076BFD} = {AF3C503C-F8DD-3A6E-8DB2-A807C8076BFD}
		{CD1A109F-6C23-327C-8E15-A112A142472D} = {CD1A109F-6C23-327C-8E15-A112A142472D}
		{EFEEB30E-5CFD-3AF0-A780-9F0C8C4825E7} = {EFEEB30E-5CFD-3AF0-A780-9F0C8C4825E7}
		{55A9ABB3-D18D-3CC3-976A-8A16C8C6FBF8} = {55A9ABB3-D18D-3CC3-976A-8A16C8C6FBF8}
		{D8510DAF-3316-3CBB-B1AE-0F228555A18C} = {D8510DAF-3316-3CBB-B1AE-0F228555A18C}
		{441E8625-C353-37CC-BB5B-BFFC85620596} = {441E8625-C353-37CC-BB5B-BFFC85620596}
		{AD577663-43AD-3613-ADC9-1B8C13EFB506} = {AD577663-43AD-3613-ADC9-1B8C13EFB506}
		{61330557-94CD-36D5-9521-3463C2C1DBFE} = {61330557-94CD-36D5-9521-3463C2C1DBFE}
	EndProjectSection
EndProject
Project("{8BC9CEB8-8B4A-11D0-8D11-00A0C91BC942}") = "AlexCopin", "AlexCopin.vcxproj", "{D39E1584-977D-36A3-B04C-2869B15E27E3}"
	ProjectSection(ProjectDependencies) = postProject
		{68F0948C-5BB3-3536-88D4-DCE7C7305D85} = {68F0948C-5BB3-3536-88D4-DCE7C7305D85}
		{9300C0A1-7841-3775-84B6-8475625C2C70} = {9300C0A1-7841-3775-84B6-8475625C2C70}
		{7A661095-1A10-3CF7-81E0-2A00E9625079} = {7A661095-1A10-3CF7-81E0-2A00E9625079}
		{573C60ED-23D5-36A9-A13D-7D7F63CB95F8} = {573C60ED-23D5-36A9-A13D-7D7F63CB95F8}
		{5000310D-C6A2-395F-BA46-F9557F959819} = {5000310D-C6A2-395F-BA46-F9557F959819}
		{4FBE341F-7DD3-3DB6-80A7-725254CDB162} = {4FBE341F-7DD3-3DB6-80A7-725254CDB162}
		{AF3C503C-F8DD-3A6E-8DB2-A807C8076BFD} = {AF3C503C-F8DD-3A6E-8DB2-A807C8076BFD}
		{CD1A109F-6C23-327C-8E15-A112A142472D} = {CD1A109F-6C23-327C-8E15-A112A142472D}
		{EFEEB30E-5CFD-3AF0-A780-9F0C8C4825E7} = {EFEEB30E-5CFD-3AF0-A780-9F0C8C4825E7}
		{55A9ABB3-D18D-3CC3-976A-8A16C8C6FBF8} = {55A9ABB3-D18D-3CC3-976A-8A16C8C6FBF8}
		{D8510DAF-3316-3CBB-B1AE-0F228555A18C} = {D8510DAF-3316-3CBB-B1AE-0F228555A18C}
		{441E8625-C353-37CC-BB5B-BFFC85620596} = {441E8625-C353-37CC-BB5B-BFFC85620596}
		{AD577663-43AD-3613-ADC9-1B8C13EFB506} = {AD577663-43AD-3613-ADC9-1B8C13EFB506}
		{61330557-94CD-36D5-9521-3463C2C1DBFE} = {61330557-94CD-36D5-9521-3463C2C1DBFE}
	EndProjectSection
EndProject
Project("{8BC9CEB8-8B4A-11D0-8D11-00A0C91BC942}") = "SYNC_RESOURCE-AlexCopin", "SYNC_RESOURCE-AlexCopin.vcxproj", "{68F0948C-5BB3-3536-88D4-DCE7C7305D85}"
	ProjectSection(ProjectDependencies) = postProject
		{9300C0A1-7841-3775-84B6-8475625C2C70} = {9300C0A1-7841-3775-84B6-8475625C2C70}
	EndProjectSection
EndProject
Project("{8BC9CEB8-8B4A-11D0-8D11-00A0C91BC942}") = "ZERO_CHECK", "ZERO_CHECK.vcxproj", "{9300C0A1-7841-3775-84B6-8475625C2C70}"
	ProjectSection(ProjectDependencies) = postProject
	EndProjectSection
EndProject
Project("{8BC9CEB8-8B4A-11D0-8D11-00A0C91BC942}") = "cocos2d", "engine\cocos\core\cocos2d.vcxproj", "{7A661095-1A10-3CF7-81E0-2A00E9625079}"
	ProjectSection(ProjectDependencies) = postProject
		{9300C0A1-7841-3775-84B6-8475625C2C70} = {9300C0A1-7841-3775-84B6-8475625C2C70}
		{573C60ED-23D5-36A9-A13D-7D7F63CB95F8} = {573C60ED-23D5-36A9-A13D-7D7F63CB95F8}
		{5000310D-C6A2-395F-BA46-F9557F959819} = {5000310D-C6A2-395F-BA46-F9557F959819}
		{4FBE341F-7DD3-3DB6-80A7-725254CDB162} = {4FBE341F-7DD3-3DB6-80A7-725254CDB162}
		{AF3C503C-F8DD-3A6E-8DB2-A807C8076BFD} = {AF3C503C-F8DD-3A6E-8DB2-A807C8076BFD}
		{CD1A109F-6C23-327C-8E15-A112A142472D} = {CD1A109F-6C23-327C-8E15-A112A142472D}
		{EFEEB30E-5CFD-3AF0-A780-9F0C8C4825E7} = {EFEEB30E-5CFD-3AF0-A780-9F0C8C4825E7}
		{55A9ABB3-D18D-3CC3-976A-8A16C8C6FBF8} = {55A9ABB3-D18D-3CC3-976A-8A16C8C6FBF8}
		{D8510DAF-3316-3CBB-B1AE-0F228555A18C} = {D8510DAF-3316-3CBB-B1AE-0F228555A18C}
		{441E8625-C353-37CC-BB5B-BFFC85620596} = {441E8625-C353-37CC-BB5B-BFFC85620596}
		{AD577663-43AD-3613-ADC9-1B8C13EFB506} = {AD577663-43AD-3613-ADC9-1B8C13EFB506}
		{61330557-94CD-36D5-9521-3463C2C1DBFE} = {61330557-94CD-36D5-9521-3463C2C1DBFE}
	EndProjectSection
EndProject
Project("{8BC9CEB8-8B4A-11D0-8D11-00A0C91BC942}") = "ext_clipper", "engine\external\clipper\ext_clipper.vcxproj", "{573C60ED-23D5-36A9-A13D-7D7F63CB95F8}"
	ProjectSection(ProjectDependencies) = postProject
		{9300C0A1-7841-3775-84B6-8475625C2C70} = {9300C0A1-7841-3775-84B6-8475625C2C70}
	EndProjectSection
EndProject
Project("{8BC9CEB8-8B4A-11D0-8D11-00A0C91BC942}") = "ext_convertUTF", "engine\external\ConvertUTF\ext_convertUTF.vcxproj", "{5000310D-C6A2-395F-BA46-F9557F959819}"
	ProjectSection(ProjectDependencies) = postProject
		{9300C0A1-7841-3775-84B6-8475625C2C70} = {9300C0A1-7841-3775-84B6-8475625C2C70}
	EndProjectSection
EndProject
Project("{8BC9CEB8-8B4A-11D0-8D11-00A0C91BC942}") = "ext_edtaa3func", "engine\external\edtaa3func\ext_edtaa3func.vcxproj", "{4FBE341F-7DD3-3DB6-80A7-725254CDB162}"
	ProjectSection(ProjectDependencies) = postProject
		{9300C0A1-7841-3775-84B6-8475625C2C70} = {9300C0A1-7841-3775-84B6-8475625C2C70}
	EndProjectSection
EndProject
Project("{8BC9CEB8-8B4A-11D0-8D11-00A0C91BC942}") = "ext_md5", "engine\external\md5\ext_md5.vcxproj", "{AF3C503C-F8DD-3A6E-8DB2-A807C8076BFD}"
	ProjectSection(ProjectDependencies) = postProject
		{9300C0A1-7841-3775-84B6-8475625C2C70} = {9300C0A1-7841-3775-84B6-8475625C2C70}
	EndProjectSection
EndProject
Project("{8BC9CEB8-8B4A-11D0-8D11-00A0C91BC942}") = "ext_poly2tri", "engine\external\poly2tri\ext_poly2tri.vcxproj", "{CD1A109F-6C23-327C-8E15-A112A142472D}"
	ProjectSection(ProjectDependencies) = postProject
		{9300C0A1-7841-3775-84B6-8475625C2C70} = {9300C0A1-7841-3775-84B6-8475625C2C70}
	EndProjectSection
EndProject
Project("{8BC9CEB8-8B4A-11D0-8D11-00A0C91BC942}") = "ext_recast", "engine\external\recast\ext_recast.vcxproj", "{EFEEB30E-5CFD-3AF0-A780-9F0C8C4825E7}"
	ProjectSection(ProjectDependencies) = postProject
		{9300C0A1-7841-3775-84B6-8475625C2C70} = {9300C0A1-7841-3775-84B6-8475625C2C70}
	EndProjectSection
EndProject
Project("{8BC9CEB8-8B4A-11D0-8D11-00A0C91BC942}") = "ext_tinyxml2", "engine\external\tinyxml2\ext_tinyxml2.vcxproj", "{55A9ABB3-D18D-3CC3-976A-8A16C8C6FBF8}"
	ProjectSection(ProjectDependencies) = postProject
		{9300C0A1-7841-3775-84B6-8475625C2C70} = {9300C0A1-7841-3775-84B6-8475625C2C70}
	EndProjectSection
EndProject
Project("{8BC9CEB8-8B4A-11D0-8D11-00A0C91BC942}") = "ext_unzip", "engine\external\unzip\ext_unzip.vcxproj", "{D8510DAF-3316-3CBB-B1AE-0F228555A18C}"
	ProjectSection(ProjectDependencies) = postProject
		{9300C0A1-7841-3775-84B6-8475625C2C70} = {9300C0A1-7841-3775-84B6-8475625C2C70}
	EndProjectSection
EndProject
Project("{8BC9CEB8-8B4A-11D0-8D11-00A0C91BC942}") = "ext_xxhash", "engine\external\xxhash\ext_xxhash.vcxproj", "{441E8625-C353-37CC-BB5B-BFFC85620596}"
	ProjectSection(ProjectDependencies) = postProject
		{9300C0A1-7841-3775-84B6-8475625C2C70} = {9300C0A1-7841-3775-84B6-8475625C2C70}
	EndProjectSection
EndProject
Project("{8BC9CEB8-8B4A-11D0-8D11-00A0C91BC942}") = "ext_xxtea", "engine\external\xxtea\ext_xxtea.vcxproj", "{AD577663-43AD-3613-ADC9-1B8C13EFB506}"
	ProjectSection(ProjectDependencies) = postProject
		{9300C0A1-7841-3775-84B6-8475625C2C70} = {9300C0A1-7841-3775-84B6-8475625C2C70}
	EndProjectSection
EndProject
Project("{8BC9CEB8-8B4A-11D0-8D11-00A0C91BC942}") = "external", "engine\external\external.vcxproj", "{61330557-94CD-36D5-9521-3463C2C1DBFE}"
	ProjectSection(ProjectDependencies) = postProject
		{9300C0A1-7841-3775-84B6-8475625C2C70} = {9300C0A1-7841-3775-84B6-8475625C2C70}
		{573C60ED-23D5-36A9-A13D-7D7F63CB95F8} = {573C60ED-23D5-36A9-A13D-7D7F63CB95F8}
		{5000310D-C6A2-395F-BA46-F9557F959819} = {5000310D-C6A2-395F-BA46-F9557F959819}
		{4FBE341F-7DD3-3DB6-80A7-725254CDB162} = {4FBE341F-7DD3-3DB6-80A7-725254CDB162}
		{AF3C503C-F8DD-3A6E-8DB2-A807C8076BFD} = {AF3C503C-F8DD-3A6E-8DB2-A807C8076BFD}
		{CD1A109F-6C23-327C-8E15-A112A142472D} = {CD1A109F-6C23-327C-8E15-A112A142472D}
		{EFEEB30E-5CFD-3AF0-A780-9F0C8C4825E7} = {EFEEB30E-5CFD-3AF0-A780-9F0C8C4825E7}
		{55A9ABB3-D18D-3CC3-976A-8A16C8C6FBF8} = {55A9ABB3-D18D-3CC3-976A-8A16C8C6FBF8}
		{D8510DAF-3316-3CBB-B1AE-0F228555A18C} = {D8510DAF-3316-3CBB-B1AE-0F228555A18C}
		{441E8625-C353-37CC-BB5B-BFFC85620596} = {441E8625-C353-37CC-BB5B-BFFC85620596}
		{AD577663-43AD-3613-ADC9-1B8C13EFB506} = {AD577663-43AD-3613-ADC9-1B8C13EFB506}
	EndProjectSection
EndProject
Global
	GlobalSection(SolutionConfigurationPlatforms) = preSolution
		Debug|Win32 = Debug|Win32
		Release|Win32 = Release|Win32
		MinSizeRel|Win32 = MinSizeRel|Win32
		RelWithDebInfo|Win32 = RelWithDebInfo|Win32
	EndGlobalSection
	GlobalSection(ProjectConfigurationPlatforms) = postSolution
		{692919FD-8505-3726-952E-49F9684964C1}.Debug|Win32.ActiveCfg = Debug|Win32
		{692919FD-8505-3726-952E-49F9684964C1}.Release|Win32.ActiveCfg = Release|Win32
		{692919FD-8505-3726-952E-49F9684964C1}.MinSizeRel|Win32.ActiveCfg = MinSizeRel|Win32
		{692919FD-8505-3726-952E-49F9684964C1}.RelWithDebInfo|Win32.ActiveCfg = RelWithDebInfo|Win32
		{D39E1584-977D-36A3-B04C-2869B15E27E3}.Debug|Win32.ActiveCfg = Debug|Win32
		{D39E1584-977D-36A3-B04C-2869B15E27E3}.Debug|Win32.Build.0 = Debug|Win32
		{D39E1584-977D-36A3-B04C-2869B15E27E3}.Release|Win32.ActiveCfg = Release|Win32
		{D39E1584-977D-36A3-B04C-2869B15E27E3}.Release|Win32.Build.0 = Release|Win32
		{D39E1584-977D-36A3-B04C-2869B15E27E3}.MinSizeRel|Win32.ActiveCfg = MinSizeRel|Win32
		{D39E1584-977D-36A3-B04C-2869B15E27E3}.MinSizeRel|Win32.Build.0 = MinSizeRel|Win32
		{D39E1584-977D-36A3-B04C-2869B15E27E3}.RelWithDebInfo|Win32.ActiveCfg = RelWithDebInfo|Win32
		{D39E1584-977D-36A3-B04C-2869B15E27E3}.RelWithDebInfo|Win32.Build.0 = RelWithDebInfo|Win32
		{68F0948C-5BB3-3536-88D4-DCE7C7305D85}.Debug|Win32.ActiveCfg = Debug|Win32
		{68F0948C-5BB3-3536-88D4-DCE7C7305D85}.Debug|Win32.Build.0 = Debug|Win32
		{68F0948C-5BB3-3536-88D4-DCE7C7305D85}.Release|Win32.ActiveCfg = Release|Win32
		{68F0948C-5BB3-3536-88D4-DCE7C7305D85}.Release|Win32.Build.0 = Release|Win32
		{68F0948C-5BB3-3536-88D4-DCE7C7305D85}.MinSizeRel|Win32.ActiveCfg = MinSizeRel|Win32
		{68F0948C-5BB3-3536-88D4-DCE7C7305D85}.MinSizeRel|Win32.Build.0 = MinSizeRel|Win32
		{68F0948C-5BB3-3536-88D4-DCE7C7305D85}.RelWithDebInfo|Win32.ActiveCfg = RelWithDebInfo|Win32
		{68F0948C-5BB3-3536-88D4-DCE7C7305D85}.RelWithDebInfo|Win32.Build.0 = RelWithDebInfo|Win32
		{9300C0A1-7841-3775-84B6-8475625C2C70}.Debug|Win32.ActiveCfg = Debug|Win32
		{9300C0A1-7841-3775-84B6-8475625C2C70}.Debug|Win32.Build.0 = Debug|Win32
		{9300C0A1-7841-3775-84B6-8475625C2C70}.Release|Win32.ActiveCfg = Release|Win32
		{9300C0A1-7841-3775-84B6-8475625C2C70}.Release|Win32.Build.0 = Release|Win32
		{9300C0A1-7841-3775-84B6-8475625C2C70}.MinSizeRel|Win32.ActiveCfg = MinSizeRel|Win32
		{9300C0A1-7841-3775-84B6-8475625C2C70}.MinSizeRel|Win32.Build.0 = MinSizeRel|Win32
		{9300C0A1-7841-3775-84B6-8475625C2C70}.RelWithDebInfo|Win32.ActiveCfg = RelWithDebInfo|Win32
		{9300C0A1-7841-3775-84B6-8475625C2C70}.RelWithDebInfo|Win32.Build.0 = RelWithDebInfo|Win32
		{7A661095-1A10-3CF7-81E0-2A00E9625079}.Debug|Win32.ActiveCfg = Debug|Win32
		{7A661095-1A10-3CF7-81E0-2A00E9625079}.Debug|Win32.Build.0 = Debug|Win32
		{7A661095-1A10-3CF7-81E0-2A00E9625079}.Release|Win32.ActiveCfg = Release|Win32
		{7A661095-1A10-3CF7-81E0-2A00E9625079}.Release|Win32.Build.0 = Release|Win32
		{7A661095-1A10-3CF7-81E0-2A00E9625079}.MinSizeRel|Win32.ActiveCfg = MinSizeRel|Win32
		{7A661095-1A10-3CF7-81E0-2A00E9625079}.MinSizeRel|Win32.Build.0 = MinSizeRel|Win32
		{7A661095-1A10-3CF7-81E0-2A00E9625079}.RelWithDebInfo|Win32.ActiveCfg = RelWithDebInfo|Win32
		{7A661095-1A10-3CF7-81E0-2A00E9625079}.RelWithDebInfo|Win32.Build.0 = RelWithDebInfo|Win32
		{573C60ED-23D5-36A9-A13D-7D7F63CB95F8}.Debug|Win32.ActiveCfg = Debug|Win32
		{573C60ED-23D5-36A9-A13D-7D7F63CB95F8}.Debug|Win32.Build.0 = Debug|Win32
		{573C60ED-23D5-36A9-A13D-7D7F63CB95F8}.Release|Win32.ActiveCfg = Release|Win32
		{573C60ED-23D5-36A9-A13D-7D7F63CB95F8}.Release|Win32.Build.0 = Release|Win32
		{573C60ED-23D5-36A9-A13D-7D7F63CB95F8}.MinSizeRel|Win32.ActiveCfg = MinSizeRel|Win32
		{573C60ED-23D5-36A9-A13D-7D7F63CB95F8}.MinSizeRel|Win32.Build.0 = MinSizeRel|Win32
		{573C60ED-23D5-36A9-A13D-7D7F63CB95F8}.RelWithDebInfo|Win32.ActiveCfg = RelWithDebInfo|Win32
		{573C60ED-23D5-36A9-A13D-7D7F63CB95F8}.RelWithDebInfo|Win32.Build.0 = RelWithDebInfo|Win32
		{5000310D-C6A2-395F-BA46-F9557F959819}.Debug|Win32.ActiveCfg = Debug|Win32
		{5000310D-C6A2-395F-BA46-F9557F959819}.Debug|Win32.Build.0 = Debug|Win32
		{5000310D-C6A2-395F-BA46-F9557F959819}.Release|Win32.ActiveCfg = Release|Win32
		{5000310D-C6A2-395F-BA46-F9557F959819}.Release|Win32.Build.0 = Release|Win32
		{5000310D-C6A2-395F-BA46-F9557F959819}.MinSizeRel|Win32.ActiveCfg = MinSizeRel|Win32
		{5000310D-C6A2-395F-BA46-F9557F959819}.MinSizeRel|Win32.Build.0 = MinSizeRel|Win32
		{5000310D-C6A2-395F-BA46-F9557F959819}.RelWithDebInfo|Win32.ActiveCfg = RelWithDebInfo|Win32
		{5000310D-C6A2-395F-BA46-F9557F959819}.RelWithDebInfo|Win32.Build.0 = RelWithDebInfo|Win32
		{4FBE341F-7DD3-3DB6-80A7-725254CDB162}.Debug|Win32.ActiveCfg = Debug|Win32
		{4FBE341F-7DD3-3DB6-80A7-725254CDB162}.Debug|Win32.Build.0 = Debug|Win32
		{4FBE341F-7DD3-3DB6-80A7-725254CDB162}.Release|Win32.ActiveCfg = Release|Win32
		{4FBE341F-7DD3-3DB6-80A7-725254CDB162}.Release|Win32.Build.0 = Release|Win32
		{4FBE341F-7DD3-3DB6-80A7-725254CDB162}.MinSizeRel|Win32.ActiveCfg = MinSizeRel|Win32
		{4FBE341F-7DD3-3DB6-80A7-725254CDB162}.MinSizeRel|Win32.Build.0 = MinSizeRel|Win32
		{4FBE341F-7DD3-3DB6-80A7-725254CDB162}.RelWithDebInfo|Win32.ActiveCfg = RelWithDebInfo|Win32
		{4FBE341F-7DD3-3DB6-80A7-725254CDB162}.RelWithDebInfo|Win32.Build.0 = RelWithDebInfo|Win32
		{AF3C503C-F8DD-3A6E-8DB2-A807C8076BFD}.Debug|Win32.ActiveCfg = Debug|Win32
		{AF3C503C-F8DD-3A6E-8DB2-A807C8076BFD}.Debug|Win32.Build.0 = Debug|Win32
		{AF3C503C-F8DD-3A6E-8DB2-A807C8076BFD}.Release|Win32.ActiveCfg = Release|Win32
		{AF3C503C-F8DD-3A6E-8DB2-A807C8076BFD}.Release|Win32.Build.0 = Release|Win32
		{AF3C503C-F8DD-3A6E-8DB2-A807C8076BFD}.MinSizeRel|Win32.ActiveCfg = MinSizeRel|Win32
		{AF3C503C-F8DD-3A6E-8DB2-A807C8076BFD}.MinSizeRel|Win32.Build.0 = MinSizeRel|Win32
		{AF3C503C-F8DD-3A6E-8DB2-A807C8076BFD}.RelWithDebInfo|Win32.ActiveCfg = RelWithDebInfo|Win32
		{AF3C503C-F8DD-3A6E-8DB2-A807C8076BFD}.RelWithDebInfo|Win32.Build.0 = RelWithDebInfo|Win32
		{CD1A109F-6C23-327C-8E15-A112A142472D}.Debug|Win32.ActiveCfg = Debug|Win32
		{CD1A109F-6C23-327C-8E15-A112A142472D}.Debug|Win32.Build.0 = Debug|Win32
		{CD1A109F-6C23-327C-8E15-A112A142472D}.Release|Win32.ActiveCfg = Release|Win32
		{CD1A109F-6C23-327C-8E15-A112A142472D}.Release|Win32.Build.0 = Release|Win32
		{CD1A109F-6C23-327C-8E15-A112A142472D}.MinSizeRel|Win32.ActiveCfg = MinSizeRel|Win32
		{CD1A109F-6C23-327C-8E15-A112A142472D}.MinSizeRel|Win32.Build.0 = MinSizeRel|Win32
		{CD1A109F-6C23-327C-8E15-A112A142472D}.RelWithDebInfo|Win32.ActiveCfg = RelWithDebInfo|Win32
		{CD1A109F-6C23-327C-8E15-A112A142472D}.RelWithDebInfo|Win32.Build.0 = RelWithDebInfo|Win32
		{EFEEB30E-5CFD-3AF0-A780-9F0C8C4825E7}.Debug|Win32.ActiveCfg = Debug|Win32
		{EFEEB30E-5CFD-3AF0-A780-9F0C8C4825E7}.Debug|Win32.Build.0 = Debug|Win32
		{EFEEB30E-5CFD-3AF0-A780-9F0C8C4825E7}.Release|Win32.ActiveCfg = Release|Win32
		{EFEEB30E-5CFD-3AF0-A780-9F0C8C4825E7}.Release|Win32.Build.0 = Release|Win32
		{EFEEB30E-5CFD-3AF0-A780-9F0C8C4825E7}.MinSizeRel|Win32.ActiveCfg = MinSizeRel|Win32
		{EFEEB30E-5CFD-3AF0-A780-9F0C8C4825E7}.MinSizeRel|Win32.Build.0 = MinSizeRel|Win32
		{EFEEB30E-5CFD-3AF0-A780-9F0C8C4825E7}.RelWithDebInfo|Win32.ActiveCfg = RelWithDebInfo|Win32
		{EFEEB30E-5CFD-3AF0-A780-9F0C8C4825E7}.RelWithDebInfo|Win32.Build.0 = RelWithDebInfo|Win32
		{55A9ABB3-D18D-3CC3-976A-8A16C8C6FBF8}.Debug|Win32.ActiveCfg = Debug|Win32
		{55A9ABB3-D18D-3CC3-976A-8A16C8C6FBF8}.Debug|Win32.Build.0 = Debug|Win32
		{55A9ABB3-D18D-3CC3-976A-8A16C8C6FBF8}.Release|Win32.ActiveCfg = Release|Win32
		{55A9ABB3-D18D-3CC3-976A-8A16C8C6FBF8}.Release|Win32.Build.0 = Release|Win32
		{55A9ABB3-D18D-3CC3-976A-8A16C8C6FBF8}.MinSizeRel|Win32.ActiveCfg = MinSizeRel|Win32
		{55A9ABB3-D18D-3CC3-976A-8A16C8C6FBF8}.MinSizeRel|Win32.Build.0 = MinSizeRel|Win32
		{55A9ABB3-D18D-3CC3-976A-8A16C8C6FBF8}.RelWithDebInfo|Win32.ActiveCfg = RelWithDebInfo|Win32
		{55A9ABB3-D18D-3CC3-976A-8A16C8C6FBF8}.RelWithDebInfo|Win32.Build.0 = RelWithDebInfo|Win32
		{D8510DAF-3316-3CBB-B1AE-0F228555A18C}.Debug|Win32.ActiveCfg = Debug|Win32
		{D8510DAF-3316-3CBB-B1AE-0F228555A18C}.Debug|Win32.Build.0 = Debug|Win32
		{D8510DAF-3316-3CBB-B1AE-0F228555A18C}.Release|Win32.ActiveCfg = Release|Win32
		{D8510DAF-3316-3CBB-B1AE-0F228555A18C}.Release|Win32.Build.0 = Release|Win32
		{D8510DAF-3316-3CBB-B1AE-0F228555A18C}.MinSizeRel|Win32.ActiveCfg = MinSizeRel|Win32
		{D8510DAF-3316-3CBB-B1AE-0F228555A18C}.MinSizeRel|Win32.Build.0 = MinSizeRel|Win32
		{D8510DAF-3316-3CBB-B1AE-0F228555A18C}.RelWithDebInfo|Win32.ActiveCfg = RelWithDebInfo|Win32
		{D8510DAF-3316-3CBB-B1AE-0F228555A18C}.RelWithDebInfo|Win32.Build.0 = RelWithDebInfo|Win32
		{441E8625-C353-37CC-BB5B-BFFC85620596}.Debug|Win32.ActiveCfg = Debug|Win32
		{441E8625-C353-37CC-BB5B-BFFC85620596}.Debug|Win32.Build.0 = Debug|Win32
		{441E8625-C353-37CC-BB5B-BFFC85620596}.Release|Win32.ActiveCfg = Release|Win32
		{441E8625-C353-37CC-BB5B-BFFC85620596}.Release|Win32.Build.0 = Release|Win32
		{441E8625-C353-37CC-BB5B-BFFC85620596}.MinSizeRel|Win32.ActiveCfg = MinSizeRel|Win32
		{441E8625-C353-37CC-BB5B-BFFC85620596}.MinSizeRel|Win32.Build.0 = MinSizeRel|Win32
		{441E8625-C353-37CC-BB5B-BFFC85620596}.RelWithDebInfo|Win32.ActiveCfg = RelWithDebInfo|Win32
		{441E8625-C353-37CC-BB5B-BFFC85620596}.RelWithDebInfo|Win32.Build.0 = RelWithDebInfo|Win32
		{AD577663-43AD-3613-ADC9-1B8C13EFB506}.Debug|Win32.ActiveCfg = Debug|Win32
		{AD577663-43AD-3613-ADC9-1B8C13EFB506}.Debug|Win32.Build.0 = Debug|Win32
		{AD577663-43AD-3613-ADC9-1B8C13EFB506}.Release|Win32.ActiveCfg = Release|Win32
		{AD577663-43AD-3613-ADC9-1B8C13EFB506}.Release|Win32.Build.0 = Release|Win32
		{AD577663-43AD-3613-ADC9-1B8C13EFB506}.MinSizeRel|Win32.ActiveCfg = MinSizeRel|Win32
		{AD577663-43AD-3613-ADC9-1B8C13EFB506}.MinSizeRel|Win32.Build.0 = MinSizeRel|Win32
		{AD577663-43AD-3613-ADC9-1B8C13EFB506}.RelWithDebInfo|Win32.ActiveCfg = RelWithDebInfo|Win32
		{AD577663-43AD-3613-ADC9-1B8C13EFB506}.RelWithDebInfo|Win32.Build.0 = RelWithDebInfo|Win32
		{61330557-94CD-36D5-9521-3463C2C1DBFE}.Debug|Win32.ActiveCfg = Debug|Win32
		{61330557-94CD-36D5-9521-3463C2C1DBFE}.Debug|Win32.Build.0 = Debug|Win32
		{61330557-94CD-36D5-9521-3463C2C1DBFE}.Release|Win32.ActiveCfg = Release|Win32
		{61330557-94CD-36D5-9521-3463C2C1DBFE}.Release|Win32.Build.0 = Release|Win32
		{61330557-94CD-36D5-9521-3463C2C1DBFE}.MinSizeRel|Win32.ActiveCfg = MinSizeRel|Win32
		{61330557-94CD-36D5-9521-3463C2C1DBFE}.MinSizeRel|Win32.Build.0 = MinSizeRel|Win32
		{61330557-94CD-36D5-9521-3463C2C1DBFE}.RelWithDebInfo|Win32.ActiveCfg = RelWithDebInfo|Win32
		{61330557-94CD-36D5-9521-3463C2C1DBFE}.RelWithDebInfo|Win32.Build.0 = RelWithDebInfo|Win32
	EndGlobalSection
	GlobalSection(NestedProjects) = preSolution
		{692919FD-8505-3726-952E-49F9684964C1} = {15536D36-FD16-3765-B664-E1751D6351EF}
		{9300C0A1-7841-3775-84B6-8475625C2C70} = {15536D36-FD16-3765-B664-E1751D6351EF}
		{573C60ED-23D5-36A9-A13D-7D7F63CB95F8} = {25B0A95C-9E61-3E25-A6D7-8F59FED99092}
		{5000310D-C6A2-395F-BA46-F9557F959819} = {25B0A95C-9E61-3E25-A6D7-8F59FED99092}
		{4FBE341F-7DD3-3DB6-80A7-725254CDB162} = {25B0A95C-9E61-3E25-A6D7-8F59FED99092}
		{AF3C503C-F8DD-3A6E-8DB2-A807C8076BFD} = {25B0A95C-9E61-3E25-A6D7-8F59FED99092}
		{CD1A109F-6C23-327C-8E15-A112A142472D} = {25B0A95C-9E61-3E25-A6D7-8F59FED99092}
		{EFEEB30E-5CFD-3AF0-A780-9F0C8C4825E7} = {25B0A95C-9E61-3E25-A6D7-8F59FED99092}
		{55A9ABB3-D18D-3CC3-976A-8A16C8C6FBF8} = {25B0A95C-9E61-3E25-A6D7-8F59FED99092}
		{D8510DAF-3316-3CBB-B1AE-0F228555A18C} = {25B0A95C-9E61-3E25-A6D7-8F59FED99092}
		{441E8625-C353-37CC-BB5B-BFFC85620596} = {25B0A95C-9E61-3E25-A6D7-8F59FED99092}
		{AD577663-43AD-3613-ADC9-1B8C13EFB506} = {25B0A95C-9E61-3E25-A6D7-8F59FED99092}
		{61330557-94CD-36D5-9521-3463C2C1DBFE} = {25B0A95C-9E61-3E25-A6D7-8F59FED99092}
		{7A661095-1A10-3CF7-81E0-2A00E9625079} = {90FCD006-E54D-3D4E-AF3B-D5CD1F61DCA1}
		{68F0948C-5BB3-3536-88D4-DCE7C7305D85} = {2EE26CF4-C4F3-3D38-9837-D9F15509817D}
	EndGlobalSection
	GlobalSection(ExtensibilityGlobals) = postSolution
		SolutionGuid = {4CF9B7F9-7749-30B6-9491-111C5323308E}
	EndGlobalSection
	GlobalSection(ExtensibilityAddIns) = postSolution
	EndGlobalSection
EndGlobal
