<?xml version="1.0" encoding="utf-8"?>
<Project ToolsVersion="17.0" xmlns="http://schemas.microsoft.com/developer/msbuild/2003">
  <ItemGroup>
    <ClCompile Include="C:\Projects\AlexCopin\AlexCopin\Classes\AppDelegate.cpp">
      <Filter>Source Files\Classes</Filter>
    </ClCompile>
    <ClCompile Include="C:\Projects\AlexCopin\AlexCopin\Classes\Scenes\GameScene.cpp">
      <Filter>Source Files\Classes\Scenes</Filter>
    </ClCompile>
    <ClCompile Include="C:\Projects\AlexCopin\AlexCopin\Classes\Character\Character.cpp">
      <Filter>Source Files\Classes\Character</Filter>
    </ClCompile>
    <ClCompile Include="C:\Projects\AlexCopin\AlexCopin\Classes\Entities\PhysicEntity.cpp">
      <Filter>Source Files\Classes\Entities</Filter>
    </ClCompile>
    <ClCompile Include="C:\Projects\AlexCopin\AlexCopin\Classes\Entities\EntitySpawner.cpp">
      <Filter>Source Files\Classes\Entities</Filter>
    </ClCompile>
    <ClCompile Include="C:\Projects\AlexCopin\AlexCopin\Classes\Entities\Bonus.cpp">
      <Filter>Source Files\Classes\Entities</Filter>
    </ClCompile>
    <ClCompile Include="C:\Projects\AlexCopin\AlexCopin\Classes\Entities\Bomb.cpp">
      <Filter>Source Files\Classes\Entities</Filter>
    </ClCompile>
    <ClCompile Include="C:\Projects\AlexCopin\AlexCopin\Classes\ScoreManager.cpp">
      <Filter>Source Files\Classes</Filter>
    </ClCompile>
    <ClCompile Include="C:\Projects\AlexCopin\AlexCopin\proj.win32\main.cpp">
      <Filter>Source Files\proj.win32</Filter>
    </ClCompile>
    <ClCompile Include="C:\Projects\AlexCopin\AlexCopin\cocos2d\cocos\precheader.cpp">
      <Filter>Source Files</Filter>
    </ClCompile>
  </ItemGroup>
  <ItemGroup>
    <ClInclude Include="C:\Projects\AlexCopin\AlexCopin\Classes\AppDelegate.h">
      <Filter>Source Files\Classes</Filter>
    </ClInclude>
    <ClInclude Include="C:\Projects\AlexCopin\AlexCopin\Classes\Scenes\GameScene.h">
      <Filter>Source Files\Classes\Scenes</Filter>
    </ClInclude>
    <ClInclude Include="C:\Projects\AlexCopin\AlexCopin\Classes\Character\Character.h">
      <Filter>Source Files\Classes\Character</Filter>
    </ClInclude>
    <ClInclude Include="C:\Projects\AlexCopin\AlexCopin\Classes\Entities\PhysicEntity.h">
      <Filter>Source Files\Classes\Entities</Filter>
    </ClInclude>
    <ClInclude Include="C:\Projects\AlexCopin\AlexCopin\Classes\Entities\EntitySpawner.h">
      <Filter>Source Files\Classes\Entities</Filter>
    </ClInclude>
    <ClInclude Include="C:\Projects\AlexCopin\AlexCopin\Classes\Entities\Bonus.h">
      <Filter>Source Files\Classes\Entities</Filter>
    </ClInclude>
    <ClInclude Include="C:\Projects\AlexCopin\AlexCopin\Classes\Entities\Bomb.h">
      <Filter>Source Files\Classes\Entities</Filter>
    </ClInclude>
    <ClInclude Include="C:\Projects\AlexCopin\AlexCopin\Classes\ScoreManager.h">
      <Filter>Source Files\Classes</Filter>
    </ClInclude>
    <ClInclude Include="C:\Projects\AlexCopin\AlexCopin\proj.win32\main.h">
      <Filter>Source Files\proj.win32</Filter>
    </ClInclude>
    <ClInclude Include="C:\Projects\AlexCopin\AlexCopin\proj.win32\resource.h">
      <Filter>Source Files\proj.win32</Filter>
    </ClInclude>
    <ClInclude Include="C:\Projects\AlexCopin\AlexCopin\Resources\CloseNormal.png">
      <Filter>Resources</Filter>
    </ClInclude>
    <ClInclude Include="C:\Projects\AlexCopin\AlexCopin\Resources\CloseSelected.png">
      <Filter>Resources</Filter>
    </ClInclude>
    <ClInclude Include="C:\Projects\AlexCopin\AlexCopin\Resources\background\HelloWorld.png">
      <Filter>Resources\background</Filter>
    </ClInclude>
    <ClInclude Include="C:\Projects\AlexCopin\AlexCopin\Resources\background\backgroundColorFall.png">
      <Filter>Resources\background</Filter>
    </ClInclude>
    <ClInclude Include="C:\Projects\AlexCopin\AlexCopin\Resources\background\backgroundColorForest.png">
      <Filter>Resources\background</Filter>
    </ClInclude>
    <ClInclude Include="C:\Projects\AlexCopin\AlexCopin\Resources\background\backgroundColorGrass.png">
      <Filter>Resources\background</Filter>
    </ClInclude>
    <ClInclude Include="C:\Projects\AlexCopin\AlexCopin\Resources\bomb.png">
      <Filter>Resources</Filter>
    </ClInclude>
    <ClInclude Include="C:\Projects\AlexCopin\AlexCopin\Resources\bonus.png">
      <Filter>Resources</Filter>
    </ClInclude>
    <ClInclude Include="C:\Projects\AlexCopin\AlexCopin\Resources\fonts\Diablo Heavy.ttf">
      <Filter>Resources\fonts</Filter>
    </ClInclude>
    <ClInclude Include="C:\Projects\AlexCopin\AlexCopin\Resources\fonts\Marker Felt.ttf">
      <Filter>Resources\fonts</Filter>
    </ClInclude>
    <ClInclude Include="C:\Projects\AlexCopin\AlexCopin\Resources\fonts\arial.ttf">
      <Filter>Resources\fonts</Filter>
    </ClInclude>
    <ClInclude Include="C:\Projects\AlexCopin\AlexCopin\Resources\res\.gitkeep">
      <Filter>Resources\res</Filter>
    </ClInclude>
    <ClInclude Include="C:\Projects\AlexCopin\AlexCopin\Resources\tilesheets\character_zombie_sheet.png">
      <Filter>Resources\tilesheets</Filter>
    </ClInclude>
    <ClInclude Include="C:\Projects\AlexCopin\AlexCopin\Resources\tilesheets\female_tilesheet.png">
      <Filter>Resources\tilesheets</Filter>
    </ClInclude>
    <ClInclude Include="C:\Projects\AlexCopin\AlexCopin\Resources\tilesheets\flat.png">
      <Filter>Resources\tilesheets</Filter>
    </ClInclude>
    <ClInclude Include="C:\Projects\AlexCopin\AlexCopin\Resources\tilesheets\pixel_style2.png">
      <Filter>Resources\tilesheets</Filter>
    </ClInclude>
    <ClInclude Include="C:\Projects\AlexCopin\AlexCopin\Resources\tilesheets\roguelikeChar_transparent.png">
      <Filter>Resources\tilesheets</Filter>
    </ClInclude>
    <ClInclude Include="C:\Projects\AlexCopin\AlexCopin\Resources\tilesheets\roguelikeCity_magenta.png">
      <Filter>Resources\tilesheets</Filter>
    </ClInclude>
    <ClInclude Include="C:\Projects\AlexCopin\AlexCopin\Resources\tilesheets\sheet.png">
      <Filter>Resources\tilesheets</Filter>
    </ClInclude>
    <ClInclude Include="C:\Projects\AlexCopin\AlexCopin\Resources\tilesheets\soldier_tilesheet.png">
      <Filter>Resources\tilesheets</Filter>
    </ClInclude>
    <ClInclude Include="C:\Projects\AlexCopin\AlexCopin\Resources\tilesheets\spritesheet_default.png">
      <Filter>Resources\tilesheets</Filter>
    </ClInclude>
    <ClInclude Include="C:\Projects\AlexCopin\AlexCopin\Resources\tilesheets\tanks_spritesheetDefault.png">
      <Filter>Resources\tilesheets</Filter>
    </ClInclude>
  </ItemGroup>
  <ItemGroup>
    <CustomBuild Include="C:\Projects\AlexCopin\AlexCopin\CMakeLists.txt" />
  </ItemGroup>
  <ItemGroup>
    <ResourceCompile Include="C:\Projects\AlexCopin\AlexCopin\proj.win32\game.rc">
      <Filter>Source Files\proj.win32</Filter>
    </ResourceCompile>
  </ItemGroup>
  <ItemGroup>
    <Filter Include="Resources">
      <UniqueIdentifier>{20B319E2-D720-3F8F-8AB5-4CA4043A9476}</UniqueIdentifier>
    </Filter>
    <Filter Include="Resources\background">
      <UniqueIdentifier>{6B5D253F-9601-3D82-9170-741E1A74C20B}</UniqueIdentifier>
    </Filter>
    <Filter Include="Resources\fonts">
      <UniqueIdentifier>{CC7DB778-AA67-38CE-AB53-FF38E4451664}</UniqueIdentifier>
    </Filter>
    <Filter Include="Resources\res">
      <UniqueIdentifier>{85A1CEFC-8B2A-3BBE-BD8F-43E4632EF29D}</UniqueIdentifier>
    </Filter>
    <Filter Include="Resources\tilesheets">
      <UniqueIdentifier>{9CF86F36-E977-34DF-8EA1-F4FE198F71A0}</UniqueIdentifier>
    </Filter>
    <Filter Include="Source Files">
      <UniqueIdentifier>{C65DE11F-B180-3AA0-8D00-6D8AB873F20A}</UniqueIdentifier>
    </Filter>
    <Filter Include="Source Files\Classes">
      <UniqueIdentifier>{BB8AB27F-71BB-356E-9356-C386AF402F81}</UniqueIdentifier>
    </Filter>
    <Filter Include="Source Files\Classes\Character">
      <UniqueIdentifier>{C4FF1E2E-83E7-3AB0-94C0-F78F491AEF5A}</UniqueIdentifier>
    </Filter>
    <Filter Include="Source Files\Classes\Entities">
      <UniqueIdentifier>{7081844E-A799-35A2-AE24-AC0749B0CC27}</UniqueIdentifier>
    </Filter>
    <Filter Include="Source Files\Classes\Scenes">
      <UniqueIdentifier>{770B1317-3188-39AF-B751-F6D2FFD9492A}</UniqueIdentifier>
    </Filter>
    <Filter Include="Source Files\proj.win32">
      <UniqueIdentifier>{5AACD09D-1B6B-3D6E-B425-5713531866B3}</UniqueIdentifier>
    </Filter>
  </ItemGroup>
</Project>
